
Microsoft Visual Studio Solution File, Format Version 12.00
# Visual Studio Version 17
VisualStudioVersion = 17.0.32014.148
MinimumVisualStudioVersion = 10.0.40219.1
Project("{FAE04EC0-301F-11D3-BF4B-00C04F79EFBC}") = "BlazorApp1.Server", "BlazorApp1\Server\BlazorApp1.Server.csproj", "{1DD3D7FE-6E6F-442E-AB87-B01E595FB0DF}"
EndProject
Project("{FAE04EC0-301F-11D3-BF4B-00C04F79EFBC}") = "BlazorApp1.Client", "BlazorApp1\Client\BlazorApp1.Client.csproj", "{8BBB6958-8CD0-4972-B2FC-A1F609592FE3}"
EndProject
Project("{FAE04EC0-301F-11D3-BF4B-00C04F79EFBC}") = "BlazorApp1.Shared", "BlazorApp1\Shared\BlazorApp1.Shared.csproj", "{24D394DA-BF33-4FEB-85EA-27AE3C61437C}"
EndProject
Global
	GlobalSection(SolutionConfigurationPlatforms) = preSolution
		Debug|Any CPU = Debug|Any CPU
		Release|Any CPU = Release|Any CPU
	EndGlobalSection
	GlobalSection(ProjectConfigurationPlatforms) = postSolution
		{1DD3D7FE-6E6F-442E-AB87-B01E595FB0DF}.Debug|Any CPU.ActiveCfg = Debug|Any CPU
		{1DD3D7FE-6E6F-442E-AB87-B01E595FB0DF}.Debug|Any CPU.Build.0 = Debug|Any CPU
		{1DD3D7FE-6E6F-442E-AB87-B01E595FB0DF}.Release|Any CPU.ActiveCfg = Release|Any CPU
		{1DD3D7FE-6E6F-442E-AB87-B01E595FB0DF}.Release|Any CPU.Build.0 = Release|Any CPU
		{8BBB6958-8CD0-4972-B2FC-A1F609592FE3}.Debug|Any CPU.ActiveCfg = Debug|Any CPU
		{8BBB6958-8CD0-4972-B2FC-A1F609592FE3}.Debug|Any CPU.Build.0 = Debug|Any CPU
		{8BBB6958-8CD0-4972-B2FC-A1F609592FE3}.Release|Any CPU.ActiveCfg = Release|Any CPU
		{8BBB6958-8CD0-4972-B2FC-A1F609592FE3}.Release|Any CPU.Build.0 = Release|Any CPU
		{24D394DA-BF33-4FEB-85EA-27AE3C61437C}.Debug|Any CPU.ActiveCfg = Debug|Any CPU
		{24D394DA-BF33-4FEB-85EA-27AE3C61437C}.Debug|Any CPU.Build.0 = Debug|Any CPU
		{24D394DA-BF33-4FEB-85EA-27AE3C61437C}.Release|Any CPU.ActiveCfg = Release|Any CPU
		{24D394DA-BF33-4FEB-85EA-27AE3C61437C}.Release|Any CPU.Build.0 = Release|Any CPU
	EndGlobalSection
	GlobalSection(SolutionProperties) = preSolution
		HideSolutionNode = FALSE
	EndGlobalSection
	GlobalSection(ExtensibilityGlobals) = postSolution
		SolutionGuid = {F92F00FD-9E2F-4572-9D2B-DD4D238CFC11}
	EndGlobalSection
EndGlobal
